
Microsoft Visual Studio Solution File, Format Version 12.00
# Visual Studio 15
VisualStudioVersion = 15.0.28307.1259
MinimumVisualStudioVersion = 10.0.40219.1
Project("{FAE04EC0-301F-11D3-BF4B-00C04F79EFBC}") = "LayUIDemo", "LayUIDemo\LayUIDemo.csproj", "{55C79BD9-4B4A-4931-B043-A294F3265BE2}"
EndProject
Global
	GlobalSection(SolutionConfigurationPlatforms) = preSolution
		Debug|Any CPU = Debug|Any CPU
		Release|Any CPU = Release|Any CPU
	EndGlobalSection
	GlobalSection(ProjectConfigurationPlatforms) = postSolution
		{55C79BD9-4B4A-4931-B043-A294F3265BE2}.Debug|Any CPU.ActiveCfg = Debug|Any CPU
		{55C79BD9-4B4A-4931-B043-A294F3265BE2}.Debug|Any CPU.Build.0 = Debug|Any CPU
		{55C79BD9-4B4A-4931-B043-A294F3265BE2}.Release|Any CPU.ActiveCfg = Release|Any CPU
		{55C79BD9-4B4A-4931-B043-A294F3265BE2}.Release|Any CPU.Build.0 = Release|Any CPU
	EndGlobalSection
	GlobalSection(SolutionProperties) = preSolution
		HideSolutionNode = FALSE
	EndGlobalSection
	GlobalSection(ExtensibilityGlobals) = postSolution
		SolutionGuid = {16D95499-0947-4CD3-8A52-7CBD37850AAF}
	EndGlobalSection
EndGlobal
